
Microsoft Visual Studio Solution File, Format Version 12.00
# Visual Studio Version 17
VisualStudioVersion = 17.13.35913.81
MinimumVisualStudioVersion = 10.0.40219.1
Project("{FAE04EC0-301F-11D3-BF4B-00C04F79EFBC}") = "WebApi", ".\src\WebApi.csproj", "{54F076C4-8B81-4F82-A7BC-0EB330E43B8C}"
EndProject
Project("{FAE04EC0-301F-11D3-BF4B-00C04F79EFBC}") = "UnitTest", ".\test\UnitTest\UnitTest.csproj", "{81A52E15-1676-4844-A8E8-8AA671DF4A96}"
EndProject
Global
	GlobalSection(SolutionConfigurationPlatforms) = preSolution
		Debug|Any CPU = Debug|Any CPU
		Release|Any CPU = Release|Any CPU
	EndGlobalSection
	GlobalSection(ProjectConfigurationPlatforms) = postSolution
		{54F076C4-8B81-4F82-A7BC-0EB330E43B8C}.Debug|Any CPU.ActiveCfg = Debug|Any CPU
		{54F076C4-8B81-4F82-A7BC-0EB330E43B8C}.Debug|Any CPU.Build.0 = Debug|Any CPU
		{54F076C4-8B81-4F82-A7BC-0EB330E43B8C}.Release|Any CPU.ActiveCfg = Release|Any CPU
		{54F076C4-8B81-4F82-A7BC-0EB330E43B8C}.Release|Any CPU.Build.0 = Release|Any CPU
		{81A52E15-1676-4844-A8E8-8AA671DF4A96}.Debug|Any CPU.ActiveCfg = Debug|Any CPU
		{81A52E15-1676-4844-A8E8-8AA671DF4A96}.Debug|Any CPU.Build.0 = Debug|Any CPU
		{81A52E15-1676-4844-A8E8-8AA671DF4A96}.Release|Any CPU.ActiveCfg = Release|Any CPU
		{81A52E15-1676-4844-A8E8-8AA671DF4A96}.Release|Any CPU.Build.0 = Release|Any CPU
	EndGlobalSection
	GlobalSection(SolutionProperties) = preSolution
		HideSolutionNode = FALSE
	EndGlobalSection
	GlobalSection(ExtensibilityGlobals) = postSolution
		SolutionGuid = {A25F2066-2002-4126-8B38-00418C84E552}
	EndGlobalSection
EndGlobal
